{
  "name": "wasm-test",
  "version": "1.0.0",
  "lockfileVersion": 2,
  "requires": true,
  "packages": {
    "": {
      "name": "wasm-test",
      "version": "1.0.0",
      "dependencies": {
        "corn": "../pkg"
      }
    },
    "../pkg": {
      "name": "libcorn",
      "version": "0.3.1",
      "license": "MIT"
    },
    "node_modules/corn": {
      "resolved": "../pkg",
      "link": true
    }
  },
  "dependencies": {
    "corn": {
      "version": "file:../pkg"
    }
  }
}
